dependencies:
- name: microservice
  repository: file://../microservice
  version: 0.1.0
- name: microservice
  repository: file://../microservice
  version: 0.1.0
- name: microservice
  repository: file://../microservice
  version: 0.1.0
- name: microservice
  repository: file://../microservice
  version: 0.1.0
- name: microservice
  repository: file://../microservice
  version: 0.1.0
- name: mongodb
  repository: https://charts.bitnami.com/bitnami
  version: 18.1.20
- name: kafka
  repository: https://charts.bitnami.com/bitnami
  version: 32.4.3
digest: sha256:c9db1d4e2448285dbd914fd4efc345af312c6c3cad39d85ee204089bd11fdbea
generated: "2025-12-30T03:16:25.912054742+01:00"
